<?xml version="1.0" encoding="utf-8"?>
<Project ToolsVersion="4.0" xmlns="http://schemas.microsoft.com/developer/msbuild/2003">
  <ItemGroup>
    <Filter Include="CoddisEngine">
      <UniqueIdentifier>{71FFA134-5D62-31D9-06E8-698FF229FD5B}</UniqueIdentifier>
    </Filter>
  </ItemGroup>
  <ItemGroup>
    <ClInclude Include="src\CoddisEngine.h" />
    <ClInclude Include="src\CoddisEngine\Application.h">
      <Filter>CoddisEngine</Filter>
    </ClInclude>
    <ClInclude Include="src\CoddisEngine\Core.h">
      <Filter>CoddisEngine</Filter>
    </ClInclude>
    <ClInclude Include="src\CoddisEngine\EntryPoint.h">
      <Filter>CoddisEngine</Filter>
    </ClInclude>
    <ClInclude Include="src\CoddisEngine\Log.h">
      <Filter>CoddisEngine</Filter>
    </ClInclude>
  </ItemGroup>
  <ItemGroup>
    <ClCompile Include="src\CoddisEngine\Application.cpp">
      <Filter>CoddisEngine</Filter>
    </ClCompile>
    <ClCompile Include="src\CoddisEngine\Log.cpp">
      <Filter>CoddisEngine</Filter>
    </ClCompile>
  </ItemGroup>
</Project>